// !$*UTF8*$!
{
	archiveVersion = 1;
	classes = {
	};
	objectVersion = 56;
	objects = {

/* Begin PBXBuildFile section */
		343D76A72BFC6F3900ABF19D /* App1App.swift in Sources */ = {isa = PBXBuildFile; fileRef = 343D76A62BFC6F3900ABF19D /* App1App.swift */; };
		343D76A92BFC6F3900ABF19D /* ContentView.swift in Sources */ = {isa = PBXBuildFile; fileRef = 343D76A82BFC6F3900ABF19D /* ContentView.swift */; };
		343D76AB2BFC6F3A00ABF19D /* Assets.xcassets in Resources */ = {isa = PBXBuildFile; fileRef = 343D76AA2BFC6F3A00ABF19D /* Assets.xcassets */; };
		343D76AE2BFC6F3A00ABF19D /* Preview Assets.xcassets in Resources */ = {isa = PBXBuildFile; fileRef = 343D76AD2BFC6F3A00ABF19D /* Preview Assets.xcassets */; };
		343D76B82BFC6F3A00ABF19D /* App1Tests.swift in Sources */ = {isa = PBXBuildFile; fileRef = 343D76B72BFC6F3A00ABF19D /* App1Tests.swift */; };
		343D76C22BFC6F3A00ABF19D /* App1UITests.swift in Sources */ = {isa = PBXBuildFile; fileRef = 343D76C12BFC6F3A00ABF19D /* App1UITests.swift */; };
		343D76C42BFC6F3A00ABF19D /* App1UITestsLaunchTests.swift in Sources */ = {isa = PBXBuildFile; fileRef = 343D76C32BFC6F3A00ABF19D /* App1UITestsLaunchTests.swift */; };
/* End PBXBuildFile section */

/* Begin PBXContainerItemProxy section */
		343D76B42BFC6F3A00ABF19D /* PBXContainerItemProxy */ = {
			isa = PBXContainerItemProxy;
			containerPortal = 343D769B2BFC6F3900ABF19D /* Project object */;
			proxyType = 1;
			remoteGlobalIDString = 343D76A22BFC6F3900ABF19D;
			remoteInfo = App1;
		};
		343D76BE2BFC6F3A00ABF19D /* PBXContainerItemProxy */ = {
			isa = PBXContainerItemProxy;
			containerPortal = 343D769B2BFC6F3900ABF19D /* Project object */;
			proxyType = 1;
			remoteGlobalIDString = 343D76A22BFC6F3900ABF19D;
			remoteInfo = App1;
		};
/* End PBXContainerItemProxy section */

/* Begin PBXFileReference section */
		343D76A32BFC6F3900ABF19D /* App1.app */ = {isa = PBXFileReference; explicitFileType = wrapper.application; includeInIndex = 0; path = App1.app; sourceTree = BUILT_PRODUCTS_DIR; };
		343D76A62BFC6F3900ABF19D /* App1App.swift */ = {isa = PBXFileReference; lastKnownFileType = sourcecode.swift; path = App1App.swift; sourceTree = "<group>"; };
		343D76A82BFC6F3900ABF19D /* ContentView.swift */ = {isa = PBXFileReference; lastKnownFileType = sourcecode.swift; path = ContentView.swift; sourceTree = "<group>"; };
		343D76AA2BFC6F3A00ABF19D /* Assets.xcassets */ = {isa = PBXFileReference; lastKnownFileType = folder.assetcatalog; path = Assets.xcassets; sourceTree = "<group>"; };
		343D76AD2BFC6F3A00ABF19D /* Preview Assets.xcassets */ = {isa = PBXFileReference; lastKnownFileType = folder.assetcatalog; path = "Preview Assets.xcassets"; sourceTree = "<group>"; };
		343D76B32BFC6F3A00ABF19D /* App1Tests.xctest */ = {isa = PBXFileReference; explicitFileType = wrapper.cfbundle; includeInIndex = 0; path = App1Tests.xctest; sourceTree = BUILT_PRODUCTS_DIR; };
		343D76B72BFC6F3A00ABF19D /* App1Tests.swift */ = {isa = PBXFileReference; lastKnownFileType = sourcecode.swift; path = App1Tests.swift; sourceTree = "<group>"; };
		343D76BD2BFC6F3A00ABF19D /* App1UITests.xctest */ = {isa = PBXFileReference; explicitFileType = wrapper.cfbundle; includeInIndex = 0; path = App1UITests.xctest; sourceTree = BUILT_PRODUCTS_DIR; };
		343D76C12BFC6F3A00ABF19D /* App1UITests.swift */ = {isa = PBXFileReference; lastKnownFileType = sourcecode.swift; path = App1UITests.swift; sourceTree = "<group>"; };
		343D76C32BFC6F3A00ABF19D /* App1UITestsLaunchTests.swift */ = {isa = PBXFileReference; lastKnownFileType = sourcecode.swift; path = App1UITestsLaunchTests.swift; sourceTree = "<group>"; };
/* End PBXFileReference section */

/* Begin PBXFrameworksBuildPhase section */
		343D76A02BFC6F3900ABF19D /* Frameworks */ = {
			isa = PBXFrameworksBuildPhase;
			buildActionMask = 2147483647;
			files = (
			);
			runOnlyForDeploymentPostprocessing = 0;
		};
		343D76B02BFC6F3A00ABF19D /* Frameworks */ = {
			isa = PBXFrameworksBuildPhase;
			buildActionMask = 2147483647;
			files = (
			);
			runOnlyForDeploymentPostprocessing = 0;
		};
		343D76BA2BFC6F3A00ABF19D /* Frameworks */ = {
			isa = PBXFrameworksBuildPhase;
			buildActionMask = 2147483647;
			files = (
			);
			runOnlyForDeploymentPostprocessing = 0;
		};
/* End PBXFrameworksBuildPhase section */

/* Begin PBXGroup section */
		343D769A2BFC6F3900ABF19D = {
			isa = PBXGroup;
			children = (
				343D76A52BFC6F3900ABF19D /* App1 */,
				343D76B62BFC6F3A00ABF19D /* App1Tests */,
				343D76C02BFC6F3A00ABF19D /* App1UITests */,
				343D76A42BFC6F3900ABF19D /* Products */,
			);
			sourceTree = "<group>";
		};
		343D76A42BFC6F3900ABF19D /* Products */ = {
			isa = PBXGroup;
			children = (
				343D76A32BFC6F3900ABF19D /* App1.app */,
				343D76B32BFC6F3A00ABF19D /* App1Tests.xctest */,
				343D76BD2BFC6F3A00ABF19D /* App1UITests.xctest */,
			);
			name = Products;
			sourceTree = "<group>";
		};
		343D76A52BFC6F3900ABF19D /* App1 */ = {
			isa = PBXGroup;
			children = (
				343D76A62BFC6F3900ABF19D /* App1App.swift */,
				343D76A82BFC6F3900ABF19D /* ContentView.swift */,
				343D76AA2BFC6F3A00ABF19D /* Assets.xcassets */,
				343D76AC2BFC6F3A00ABF19D /* Preview Content */,
			);
			path = App1;
			sourceTree = "<group>";
		};
		343D76AC2BFC6F3A00ABF19D /* Preview Content */ = {
			isa = PBXGroup;
			children = (
				343D76AD2BFC6F3A00ABF19D /* Preview Assets.xcassets */,
			);
			path = "Preview Content";
			sourceTree = "<group>";
		};
		343D76B62BFC6F3A00ABF19D /* App1Tests */ = {
			isa = PBXGroup;
			children = (
				343D76B72BFC6F3A00ABF19D /* App1Tests.swift */,
			);
			path = App1Tests;
			sourceTree = "<group>";
		};
		343D76C02BFC6F3A00ABF19D /* App1UITests */ = {
			isa = PBXGroup;
			children = (
				343D76C12BFC6F3A00ABF19D /* App1UITests.swift */,
				343D76C32BFC6F3A00ABF19D /* App1UITestsLaunchTests.swift */,
			);
			path = App1UITests;
			sourceTree = "<group>";
		};
/* End PBXGroup section */

/* Begin PBXNativeTarget section */
		343D76A22BFC6F3900ABF19D /* App1 */ = {
			isa = PBXNativeTarget;
			buildConfigurationList = 343D76C72BFC6F3A00ABF19D /* Build configuration list for PBXNativeTarget "App1" */;
			buildPhases = (
				343D769F2BFC6F3900ABF19D /* Sources */,
				343D76A02BFC6F3900ABF19D /* Frameworks */,
				343D76A12BFC6F3900ABF19D /* Resources */,
			);
			buildRules = (
			);
			dependencies = (
			);
			name = App1;
			productName = App1;
			productReference = 343D76A32BFC6F3900ABF19D /* App1.app */;
			productType = "com.apple.product-type.application";
		};
		343D76B22BFC6F3A00ABF19D /* App1Tests */ = {
			isa = PBXNativeTarget;
			buildConfigurationList = 343D76CA2BFC6F3A00ABF19D /* Build configuration list for PBXNativeTarget "App1Tests" */;
			buildPhases = (
				343D76AF2BFC6F3A00ABF19D /* Sources */,
				343D76B02BFC6F3A00ABF19D /* Frameworks */,
				343D76B12BFC6F3A00ABF19D /* Resources */,
			);
			buildRules = (
			);
			dependencies = (
				343D76B52BFC6F3A00ABF19D /* PBXTargetDependency */,
			);
			name = App1Tests;
			productName = App1Tests;
			productReference = 343D76B32BFC6F3A00ABF19D /* App1Tests.xctest */;
			productType = "com.apple.product-type.bundle.unit-test";
		};
		343D76BC2BFC6F3A00ABF19D /* App1UITests */ = {
			isa = PBXNativeTarget;
			buildConfigurationList = 343D76CD2BFC6F3A00ABF19D /* Build configuration list for PBXNativeTarget "App1UITests" */;
			buildPhases = (
				343D76B92BFC6F3A00ABF19D /* Sources */,
				343D76BA2BFC6F3A00ABF19D /* Frameworks */,
				343D76BB2BFC6F3A00ABF19D /* Resources */,
			);
			buildRules = (
			);
			dependencies = (
				343D76BF2BFC6F3A00ABF19D /* PBXTargetDependency */,
			);
			name = App1UITests;
			productName = App1UITests;
			productReference = 343D76BD2BFC6F3A00ABF19D /* App1UITests.xctest */;
			productType = "com.apple.product-type.bundle.ui-testing";
		};
/* End PBXNativeTarget section */

/* Begin PBXProject section */
		343D769B2BFC6F3900ABF19D /* Project object */ = {
			isa = PBXProject;
			attributes = {
				BuildIndependentTargetsInParallel = 1;
				LastSwiftUpdateCheck = 1540;
				LastUpgradeCheck = 1540;
				TargetAttributes = {
					343D76A22BFC6F3900ABF19D = {
						CreatedOnToolsVersion = 15.4;
					};
					343D76B22BFC6F3A00ABF19D = {
						CreatedOnToolsVersion = 15.4;
						TestTargetID = 343D76A22BFC6F3900ABF19D;
					};
					343D76BC2BFC6F3A00ABF19D = {
						CreatedOnToolsVersion = 15.4;
						TestTargetID = 343D76A22BFC6F3900ABF19D;
					};
				};
			};
			buildConfigurationList = 343D769E2BFC6F3900ABF19D /* Build configuration list for PBXProject "App1" */;
			compatibilityVersion = "Xcode 14.0";
			developmentRegion = en;
			hasScannedForEncodings = 0;
			knownRegions = (
				en,
				Base,
			);
			mainGroup = 343D769A2BFC6F3900ABF19D;
			productRefGroup = 343D76A42BFC6F3900ABF19D /* Products */;
			projectDirPath = "";
			projectRoot = "";
			targets = (
				343D76A22BFC6F3900ABF19D /* App1 */,
				343D76B22BFC6F3A00ABF19D /* App1Tests */,
				343D76BC2BFC6F3A00ABF19D /* App1UITests */,
			);
		};
/* End PBXProject section */

/* Begin PBXResourcesBuildPhase section */
		343D76A12BFC6F3900ABF19D /* Resources */ = {
			isa = PBXResourcesBuildPhase;
			buildActionMask = 2147483647;
			files = (
				343D76AE2BFC6F3A00ABF19D /* Preview Assets.xcassets in Resources */,
				343D76AB2BFC6F3A00ABF19D /* Assets.xcassets in Resources */,
			);
			runOnlyForDeploymentPostprocessing = 0;
		};
		343D76B12BFC6F3A00ABF19D /* Resources */ = {
			isa = PBXResourcesBuildPhase;
			buildActionMask = 2147483647;
			files = (
			);
			runOnlyForDeploymentPostprocessing = 0;
		};
		343D76BB2BFC6F3A00ABF19D /* Resources */ = {
			isa = PBXResourcesBuildPhase;
			buildActionMask = 2147483647;
			files = (
			);
			runOnlyForDeploymentPostprocessing = 0;
		};
/* End PBXResourcesBuildPhase section */

/* Begin PBXSourcesBuildPhase section */
		343D769F2BFC6F3900ABF19D /* Sources */ = {
			isa = PBXSourcesBuildPhase;
			buildActionMask = 2147483647;
			files = (
				343D76A92BFC6F3900ABF19D /* ContentView.swift in Sources */,
				343D76A72BFC6F3900ABF19D /* App1App.swift in Sources */,
			);
			runOnlyForDeploymentPostprocessing = 0;
		};
		343D76AF2BFC6F3A00ABF19D /* Sources */ = {
			isa = PBXSourcesBuildPhase;
			buildActionMask = 2147483647;
			files = (
				343D76B82BFC6F3A00ABF19D /* App1Tests.swift in Sources */,
			);
			runOnlyForDeploymentPostprocessing = 0;
		};
		343D76B92BFC6F3A00ABF19D /* Sources */ = {
			isa = PBXSourcesBuildPhase;
			buildActionMask = 2147483647;
			files = (
				343D76C42BFC6F3A00ABF19D /* App1UITestsLaunchTests.swift in Sources */,
				343D76C22BFC6F3A00ABF19D /* App1UITests.swift in Sources */,
			);
			runOnlyForDeploymentPostprocessing = 0;
		};
/* End PBXSourcesBuildPhase section */

/* Begin PBXTargetDependency section */
		343D76B52BFC6F3A00ABF19D /* PBXTargetDependency */ = {
			isa = PBXTargetDependency;
			target = 343D76A22BFC6F3900ABF19D /* App1 */;
			targetProxy = 343D76B42BFC6F3A00ABF19D /* PBXContainerItemProxy */;
		};
		343D76BF2BFC6F3A00ABF19D /* PBXTargetDependency */ = {
			isa = PBXTargetDependency;
			target = 343D76A22BFC6F3900ABF19D /* App1 */;
			targetProxy = 343D76BE2BFC6F3A00ABF19D /* PBXContainerItemProxy */;
		};
/* End PBXTargetDependency section */

/* Begin XCBuildConfiguration section */
		343D76C52BFC6F3A00ABF19D /* Debug */ = {
			isa = XCBuildConfiguration;
			buildSettings = {
				ALWAYS_SEARCH_USER_PATHS = NO;
				ASSETCATALOG_COMPILER_GENERATE_SWIFT_ASSET_SYMBOL_EXTENSIONS = YES;
				CLANG_ANALYZER_NONNULL = YES;
				CLANG_ANALYZER_NUMBER_OBJECT_CONVERSION = YES_AGGRESSIVE;
				CLANG_CXX_LANGUAGE_STANDARD = "gnu++20";
				CLANG_ENABLE_MODULES = YES;
				CLANG_ENABLE_OBJC_ARC = YES;
				CLANG_ENABLE_OBJC_WEAK = YES;
				CLANG_WARN_BLOCK_CAPTURE_AUTORELEASING = YES;
				CLANG_WARN_BOOL_CONVERSION = YES;
				CLANG_WARN_COMMA = YES;
				CLANG_WARN_CONSTANT_CONVERSION = YES;
				CLANG_WARN_DEPRECATED_OBJC_IMPLEMENTATIONS = YES;
				CLANG_WARN_DIRECT_OBJC_ISA_USAGE = YES_ERROR;
				CLANG_WARN_DOCUMENTATION_COMMENTS = YES;
				CLANG_WARN_EMPTY_BODY = YES;
				CLANG_WARN_ENUM_CONVERSION = YES;
				CLANG_WARN_INFINITE_RECURSION = YES;
				CLANG_WARN_INT_CONVERSION = YES;
				CLANG_WARN_NON_LITERAL_NULL_CONVERSION = YES;
				CLANG_WARN_OBJC_IMPLICIT_RETAIN_SELF = YES;
				CLANG_WARN_OBJC_LITERAL_CONVERSION = YES;
				CLANG_WARN_OBJC_ROOT_CLASS = YES_ERROR;
				CLANG_WARN_QUOTED_INCLUDE_IN_FRAMEWORK_HEADER = YES;
				CLANG_WARN_RANGE_LOOP_ANALYSIS = YES;
				CLANG_WARN_STRICT_PROTOTYPES = YES;
				CLANG_WARN_SUSPICIOUS_MOVE = YES;
				CLANG_WARN_UNGUARDED_AVAILABILITY = YES_AGGRESSIVE;
				CLANG_WARN_UNREACHABLE_CODE = YES;
				CLANG_WARN__DUPLICATE_METHOD_MATCH = YES;
				COPY_PHASE_STRIP = NO;
				DEBUG_INFORMATION_FORMAT = dwarf;
				ENABLE_STRICT_OBJC_MSGSEND = YES;
				ENABLE_TESTABILITY = YES;
				ENABLE_USER_SCRIPT_SANDBOXING = YES;
				GCC_C_LANGUAGE_STANDARD = gnu17;
				GCC_DYNAMIC_NO_PIC = NO;
				GCC_NO_COMMON_BLOCKS = YES;
				GCC_OPTIMIZATION_LEVEL = 0;
				GCC_PREPROCESSOR_DEFINITIONS = (
					"DEBUG=1",
					"$(inherited)",
				);
				GCC_WARN_64_TO_32_BIT_CONVERSION = YES;
				GCC_WARN_ABOUT_RETURN_TYPE = YES_ERROR;
				GCC_WARN_UNDECLARED_SELECTOR = YES;
				GCC_WARN_UNINITIALIZED_AUTOS = YES_AGGRESSIVE;
				GCC_WARN_UNUSED_FUNCTION = YES;
				GCC_WARN_UNUSED_VARIABLE = YES;
				IPHONEOS_DEPLOYMENT_TARGET = 17.5;
				LOCALIZATION_PREFERS_STRING_CATALOGS = YES;
				MTL_ENABLE_DEBUG_INFO = INCLUDE_SOURCE;
				MTL_FAST_MATH = YES;
				ONLY_ACTIVE_ARCH = YES;
				SDKROOT = iphoneos;
				SWIFT_ACTIVE_COMPILATION_CONDITIONS = "DEBUG $(inherited)";
				SWIFT_OPTIMIZATION_LEVEL = "-Onone";
			};
			name = Debug;
		};
		343D76C62BFC6F3A00ABF19D /* Release */ = {
			isa = XCBuildConfiguration;
			buildSettings = {
				ALWAYS_SEARCH_USER_PATHS = NO;
				ASSETCATALOG_COMPILER_GENERATE_SWIFT_ASSET_SYMBOL_EXTENSIONS = YES;
				CLANG_ANALYZER_NONNULL = YES;
				CLANG_ANALYZER_NUMBER_OBJECT_CONVERSION = YES_AGGRESSIVE;
				CLANG_CXX_LANGUAGE_STANDARD = "gnu++20";
				CLANG_ENABLE_MODULES = YES;
				CLANG_ENABLE_OBJC_ARC = YES;
				CLANG_ENABLE_OBJC_WEAK = YES;
				CLANG_WARN_BLOCK_CAPTURE_AUTORELEASING = YES;
				CLANG_WARN_BOOL_CONVERSION = YES;
				CLANG_WARN_COMMA = YES;
				CLANG_WARN_CONSTANT_CONVERSION = YES;
				CLANG_WARN_DEPRECATED_OBJC_IMPLEMENTATIONS = YES;
				CLANG_WARN_DIRECT_OBJC_ISA_USAGE = YES_ERROR;
				CLANG_WARN_DOCUMENTATION_COMMENTS = YES;
				CLANG_WARN_EMPTY_BODY = YES;
				CLANG_WARN_ENUM_CONVERSION = YES;
				CLANG_WARN_INFINITE_RECURSION = YES;
				CLANG_WARN_INT_CONVERSION = YES;
				CLANG_WARN_NON_LITERAL_NULL_CONVERSION = YES;
				CLANG_WARN_OBJC_IMPLICIT_RETAIN_SELF = YES;
				CLANG_WARN_OBJC_LITERAL_CONVERSION = YES;
				CLANG_WARN_OBJC_ROOT_CLASS = YES_ERROR;
				CLANG_WARN_QUOTED_INCLUDE_IN_FRAMEWORK_HEADER = YES;
				CLANG_WARN_RANGE_LOOP_ANALYSIS = YES;
				CLANG_WARN_STRICT_PROTOTYPES = YES;
				CLANG_WARN_SUSPICIOUS_MOVE = YES;
				CLANG_WARN_UNGUARDED_AVAILABILITY = YES_AGGRESSIVE;
				CLANG_WARN_UNREACHABLE_CODE = YES;
				CLANG_WARN__DUPLICATE_METHOD_MATCH = YES;
				COPY_PHASE_STRIP = NO;
				DEBUG_INFORMATION_FORMAT = "dwarf-with-dsym";
				ENABLE_NS_ASSERTIONS = NO;
				ENABLE_STRICT_OBJC_MSGSEND = YES;
				ENABLE_USER_SCRIPT_SANDBOXING = YES;
				GCC_C_LANGUAGE_STANDARD = gnu17;
				GCC_NO_COMMON_BLOCKS = YES;
				GCC_WARN_64_TO_32_BIT_CONVERSION = YES;
				GCC_WARN_ABOUT_RETURN_TYPE = YES_ERROR;
				GCC_WARN_UNDECLARED_SELECTOR = YES;
				GCC_WARN_UNINITIALIZED_AUTOS = YES_AGGRESSIVE;
				GCC_WARN_UNUSED_FUNCTION = YES;
				GCC_WARN_UNUSED_VARIABLE = YES;
				IPHONEOS_DEPLOYMENT_TARGET = 17.5;
				LOCALIZATION_PREFERS_STRING_CATALOGS = YES;
				MTL_ENABLE_DEBUG_INFO = NO;
				MTL_FAST_MATH = YES;
				SDKROOT = iphoneos;
				SWIFT_COMPILATION_MODE = wholemodule;
				VALIDATE_PRODUCT = YES;
			};
			name = Release;
		};
		343D76C82BFC6F3A00ABF19D /* Debug */ = {
			isa = XCBuildConfiguration;
			buildSettings = {
				ASSETCATALOG_COMPILER_APPICON_NAME = AppIcon;
				ASSETCATALOG_COMPILER_GLOBAL_ACCENT_COLOR_NAME = AccentColor;
				CODE_SIGN_STYLE = Automatic;
				CURRENT_PROJECT_VERSION = 1;
				DEVELOPMENT_ASSET_PATHS = "\"App1/Preview Content\"";
				DEVELOPMENT_TEAM = 6953XUL6NA;
				ENABLE_PREVIEWS = YES;
				GENERATE_INFOPLIST_FILE = YES;
				INFOPLIST_KEY_UIApplicationSceneManifest_Generation = YES;
				INFOPLIST_KEY_UIApplicationSupportsIndirectInputEvents = YES;
				INFOPLIST_KEY_UILaunchScreen_Generation = YES;
				INFOPLIST_KEY_UISupportedInterfaceOrientations_iPad = "UIInterfaceOrientationPortrait UIInterfaceOrientationPortraitUpsideDown UIInterfaceOrientationLandscapeLeft UIInterfaceOrientationLandscapeRight";
				INFOPLIST_KEY_UISupportedInterfaceOrientations_iPhone = "UIInterfaceOrientationPortrait UIInterfaceOrientationLandscapeLeft UIInterfaceOrientationLandscapeRight";
				LD_RUNPATH_SEARCH_PATHS = (
					"$(inherited)",
					"@executable_path/Frameworks",
				);
				MARKETING_VERSION = 1.0;
				PRODUCT_BUNDLE_IDENTIFIER = Game11454.app.App1;
				PRODUCT_NAME = "$(TARGET_NAME)";
				SWIFT_EMIT_LOC_STRINGS = YES;
				SWIFT_VERSION = 5.0;
				TARGETED_DEVICE_FAMILY = "1,2";
			};
			name = Debug;
		};
		343D76C92BFC6F3A00ABF19D /* Release */ = {
			isa = XCBuildConfiguration;
			buildSettings = {
				ASSETCATALOG_COMPILER_APPICON_NAME = AppIcon;
				ASSETCATALOG_COMPILER_GLOBAL_ACCENT_COLOR_NAME = AccentColor;
				CODE_SIGN_STYLE = Automatic;
				CURRENT_PROJECT_VERSION = 1;
				DEVELOPMENT_ASSET_PATHS = "\"App1/Preview Content\"";
				DEVELOPMENT_TEAM = 6953XUL6NA;
				ENABLE_PREVIEWS = YES;
				GENERATE_INFOPLIST_FILE = YES;
				INFOPLIST_KEY_UIApplicationSceneManifest_Generation = YES;
				INFOPLIST_KEY_UIApplicationSupportsIndirectInputEvents = YES;
				INFOPLIST_KEY_UILaunchScreen_Generation = YES;
				INFOPLIST_KEY_UISupportedInterfaceOrientations_iPad = "UIInterfaceOrientationPortrait UIInterfaceOrientationPortraitUpsideDown UIInterfaceOrientationLandscapeLeft UIInterfaceOrientationLandscapeRight";
				INFOPLIST_KEY_UISupportedInterfaceOrientations_iPhone = "UIInterfaceOrientationPortrait UIInterfaceOrientationLandscapeLeft UIInterfaceOrientationLandscapeRight";
				LD_RUNPATH_SEARCH_PATHS = (
					"$(inherited)",
					"@executable_path/Frameworks",
				);
				MARKETING_VERSION = 1.0;
				PRODUCT_BUNDLE_IDENTIFIER = Game11454.app.App1;
				PRODUCT_NAME = "$(TARGET_NAME)";
				SWIFT_EMIT_LOC_STRINGS = YES;
				SWIFT_VERSION = 5.0;
				TARGETED_DEVICE_FAMILY = "1,2";
			};
			name = Release;
		};
		343D76CB2BFC6F3A00ABF19D /* Debug */ = {
			isa = XCBuildConfiguration;
			buildSettings = {
				ALWAYS_EMBED_SWIFT_STANDARD_LIBRARIES = YES;
				BUNDLE_LOADER = "$(TEST_HOST)";
				CODE_SIGN_STYLE = Automatic;
				CURRENT_PROJECT_VERSION = 1;
				DEVELOPMENT_TEAM = 6953XUL6NA;
				GENERATE_INFOPLIST_FILE = YES;
				IPHONEOS_DEPLOYMENT_TARGET = 17.5;
				MARKETING_VERSION = 1.0;
				PRODUCT_BUNDLE_IDENTIFIER = Game11454.app.App1Tests;
				PRODUCT_NAME = "$(TARGET_NAME)";
				SWIFT_EMIT_LOC_STRINGS = NO;
				SWIFT_VERSION = 5.0;
				TARGETED_DEVICE_FAMILY = "1,2";
				TEST_HOST = "$(BUILT_PRODUCTS_DIR)/App1.app/$(BUNDLE_EXECUTABLE_FOLDER_PATH)/App1";
			};
			name = Debug;
		};
		343D76CC2BFC6F3A00ABF19D /* Release */ = {
			isa = XCBuildConfiguration;
			buildSettings = {
				ALWAYS_EMBED_SWIFT_STANDARD_LIBRARIES = YES;
				BUNDLE_LOADER = "$(TEST_HOST)";
				CODE_SIGN_STYLE = Automatic;
				CURRENT_PROJECT_VERSION = 1;
				DEVELOPMENT_TEAM = 6953XUL6NA;
				GENERATE_INFOPLIST_FILE = YES;
				IPHONEOS_DEPLOYMENT_TARGET = 17.5;
				MARKETING_VERSION = 1.0;
				PRODUCT_BUNDLE_IDENTIFIER = Game11454.app.App1Tests;
				PRODUCT_NAME = "$(TARGET_NAME)";
				SWIFT_EMIT_LOC_STRINGS = NO;
				SWIFT_VERSION = 5.0;
				TARGETED_DEVICE_FAMILY = "1,2";
				TEST_HOST = "$(BUILT_PRODUCTS_DIR)/App1.app/$(BUNDLE_EXECUTABLE_FOLDER_PATH)/App1";
			};
			name = Release;
		};
		343D76CE2BFC6F3A00ABF19D /* Debug */ = {
			isa = XCBuildConfiguration;
			buildSettings = {
				ALWAYS_EMBED_SWIFT_STANDARD_LIBRARIES = YES;
				CODE_SIGN_STYLE = Automatic;
				CURRENT_PROJECT_VERSION = 1;
				DEVELOPMENT_TEAM = 6953XUL6NA;
				GENERATE_INFOPLIST_FILE = YES;
				MARKETING_VERSION = 1.0;
				PRODUCT_BUNDLE_IDENTIFIER = Game11454.app.App1UITests;
				PRODUCT_NAME = "$(TARGET_NAME)";
				SWIFT_EMIT_LOC_STRINGS = NO;
				SWIFT_VERSION = 5.0;
				TARGETED_DEVICE_FAMILY = "1,2";
				TEST_TARGET_NAME = App1;
			};
			name = Debug;
		};
		343D76CF2BFC6F3A00ABF19D /* Release */ = {
			isa = XCBuildConfiguration;
			buildSettings = {
				ALWAYS_EMBED_SWIFT_STANDARD_LIBRARIES = YES;
				CODE_SIGN_STYLE = Automatic;
				CURRENT_PROJECT_VERSION = 1;
				DEVELOPMENT_TEAM = 6953XUL6NA;
				GENERATE_INFOPLIST_FILE = YES;
				MARKETING_VERSION = 1.0;
				PRODUCT_BUNDLE_IDENTIFIER = Game11454.app.App1UITests;
				PRODUCT_NAME = "$(TARGET_NAME)";
				SWIFT_EMIT_LOC_STRINGS = NO;
				SWIFT_VERSION = 5.0;
				TARGETED_DEVICE_FAMILY = "1,2";
				TEST_TARGET_NAME = App1;
			};
			name = Release;
		};
/* End XCBuildConfiguration section */

/* Begin XCConfigurationList section */
		343D769E2BFC6F3900ABF19D /* Build configuration list for PBXProject "App1" */ = {
			isa = XCConfigurationList;
			buildConfigurations = (
				343D76C52BFC6F3A00ABF19D /* Debug */,
				343D76C62BFC6F3A00ABF19D /* Release */,
			);
			defaultConfigurationIsVisible = 0;
			defaultConfigurationName = Release;
		};
		343D76C72BFC6F3A00ABF19D /* Build configuration list for PBXNativeTarget "App1" */ = {
			isa = XCConfigurationList;
			buildConfigurations = (
				343D76C82BFC6F3A00ABF19D /* Debug */,
				343D76C92BFC6F3A00ABF19D /* Release */,
			);
			defaultConfigurationIsVisible = 0;
			defaultConfigurationName = Release;
		};
		343D76CA2BFC6F3A00ABF19D /* Build configuration list for PBXNativeTarget "App1Tests" */ = {
			isa = XCConfigurationList;
			buildConfigurations = (
				343D76CB2BFC6F3A00ABF19D /* Debug */,
				343D76CC2BFC6F3A00ABF19D /* Release */,
			);
			defaultConfigurationIsVisible = 0;
			defaultConfigurationName = Release;
		};
		343D76CD2BFC6F3A00ABF19D /* Build configuration list for PBXNativeTarget "App1UITests" */ = {
			isa = XCConfigurationList;
			buildConfigurations = (
				343D76CE2BFC6F3A00ABF19D /* Debug */,
				343D76CF2BFC6F3A00ABF19D /* Release */,
			);
			defaultConfigurationIsVisible = 0;
			defaultConfigurationName = Release;
		};
/* End XCConfigurationList section */
	};
	rootObject = 343D769B2BFC6F3900ABF19D /* Project object */;
}
